
Microsoft Visual Studio Solution File, Format Version 10.00
# Visual Studio 2008
Project("{FAE04EC0-301F-11D3-BF4B-00C04F79EFBC}") = "DrivingSchoolManage", "DrivingSchoolManage\DrivingSchoolManage.csproj", "{8A96B261-C0BC-4288-94AC-70AF87499B57}"
EndProject
Project("{FAE04EC0-301F-11D3-BF4B-00C04F79EFBC}") = "Model", "Model\Model.csproj", "{414C77DC-7982-4C7E-B1AE-81D5A807E943}"
EndProject
Project("{FAE04EC0-301F-11D3-BF4B-00C04F79EFBC}") = "BLL", "BLL\BLL.csproj", "{9B64F0D6-1CB4-4146-A62E-85F5A290DC67}"
EndProject
Project("{FAE04EC0-301F-11D3-BF4B-00C04F79EFBC}") = "DAL", "DAL\DAL.csproj", "{C5F6E3A4-11DA-492A-815B-D4500E26D708}"
EndProject
Global
	GlobalSection(SolutionConfigurationPlatforms) = preSolution
		Debug|Any CPU = Debug|Any CPU
		Release|Any CPU = Release|Any CPU
	EndGlobalSection
	GlobalSection(ProjectConfigurationPlatforms) = postSolution
		{8A96B261-C0BC-4288-94AC-70AF87499B57}.Debug|Any CPU.ActiveCfg = Debug|Any CPU
		{8A96B261-C0BC-4288-94AC-70AF87499B57}.Debug|Any CPU.Build.0 = Debug|Any CPU
		{8A96B261-C0BC-4288-94AC-70AF87499B57}.Release|Any CPU.ActiveCfg = Release|Any CPU
		{8A96B261-C0BC-4288-94AC-70AF87499B57}.Release|Any CPU.Build.0 = Release|Any CPU
		{414C77DC-7982-4C7E-B1AE-81D5A807E943}.Debug|Any CPU.ActiveCfg = Debug|Any CPU
		{414C77DC-7982-4C7E-B1AE-81D5A807E943}.Debug|Any CPU.Build.0 = Debug|Any CPU
		{414C77DC-7982-4C7E-B1AE-81D5A807E943}.Release|Any CPU.ActiveCfg = Release|Any CPU
		{414C77DC-7982-4C7E-B1AE-81D5A807E943}.Release|Any CPU.Build.0 = Release|Any CPU
		{9B64F0D6-1CB4-4146-A62E-85F5A290DC67}.Debug|Any CPU.ActiveCfg = Debug|Any CPU
		{9B64F0D6-1CB4-4146-A62E-85F5A290DC67}.Debug|Any CPU.Build.0 = Debug|Any CPU
		{9B64F0D6-1CB4-4146-A62E-85F5A290DC67}.Release|Any CPU.ActiveCfg = Release|Any CPU
		{9B64F0D6-1CB4-4146-A62E-85F5A290DC67}.Release|Any CPU.Build.0 = Release|Any CPU
		{C5F6E3A4-11DA-492A-815B-D4500E26D708}.Debug|Any CPU.ActiveCfg = Debug|Any CPU
		{C5F6E3A4-11DA-492A-815B-D4500E26D708}.Debug|Any CPU.Build.0 = Debug|Any CPU
		{C5F6E3A4-11DA-492A-815B-D4500E26D708}.Release|Any CPU.ActiveCfg = Release|Any CPU
		{C5F6E3A4-11DA-492A-815B-D4500E26D708}.Release|Any CPU.Build.0 = Release|Any CPU
	EndGlobalSection
	GlobalSection(SolutionProperties) = preSolution
		HideSolutionNode = FALSE
	EndGlobalSection
EndGlobal
